
Microsoft Visual Studio Solution File, Format Version 12.00
# Visual Studio Version 17
VisualStudioVersion = 17.4.33213.308
MinimumVisualStudioVersion = 10.0.40219.1
Project("{FAE04EC0-301F-11D3-BF4B-00C04F79EFBC}") = "WebMusic", "WebMusic\WebMusic.csproj", "{04DA1FD5-6C5E-4563-98F1-15BE39973FD5}"
EndProject
Global
	GlobalSection(SolutionConfigurationPlatforms) = preSolution
		Debug|Any CPU = Debug|Any CPU
		Release|Any CPU = Release|Any CPU
	EndGlobalSection
	GlobalSection(ProjectConfigurationPlatforms) = postSolution
		{04DA1FD5-6C5E-4563-98F1-15BE39973FD5}.Debug|Any CPU.ActiveCfg = Debug|Any CPU
		{04DA1FD5-6C5E-4563-98F1-15BE39973FD5}.Debug|Any CPU.Build.0 = Debug|Any CPU
		{04DA1FD5-6C5E-4563-98F1-15BE39973FD5}.Release|Any CPU.ActiveCfg = Release|Any CPU
		{04DA1FD5-6C5E-4563-98F1-15BE39973FD5}.Release|Any CPU.Build.0 = Release|Any CPU
	EndGlobalSection
	GlobalSection(SolutionProperties) = preSolution
		HideSolutionNode = FALSE
	EndGlobalSection
	GlobalSection(ExtensibilityGlobals) = postSolution
		SolutionGuid = {D480FBDD-7A59-46C2-ABF6-5063BCE3FB28}
	EndGlobalSection
EndGlobal
